
Microsoft Visual Studio Solution File, Format Version 12.00
# Visual Studio Version 17
VisualStudioVersion = 17.9.34723.18
MinimumVisualStudioVersion = 10.0.40219.1
Project("{2150E333-8FDC-42A3-9474-1A3956D46DE8}") = "budget", "budget", "{E38FE4EB-B253-4F87-A9F8-67F8A87646EC}"
EndProject
Project("{2150E333-8FDC-42A3-9474-1A3956D46DE8}") = "src", "src", "{88E2BCDC-B5D6-4993-814B-D1060D4B21B9}"
EndProject
Project("{2150E333-8FDC-42A3-9474-1A3956D46DE8}") = "tests", "tests", "{689131AE-7C01-4BCB-BA82-A37B6D01B624}"
EndProject
Project("{2150E333-8FDC-42A3-9474-1A3956D46DE8}") = "shared-kernel", "shared-kernel", "{E3A52A73-6227-4DA8-9666-02E6301127C1}"
EndProject
Project("{9A19103F-16F7-4668-BE54-9A1E7A4F7556}") = "Models", "shared-kernel\Models\Models.csproj", "{69D0F2C2-8F27-4753-8FCD-E68BCCBA337B}"
EndProject
Project("{9A19103F-16F7-4668-BE54-9A1E7A4F7556}") = "Budget.Application", "budget\src\Budget.Application\Budget.Application.csproj", "{92793AF6-813F-4185-94DD-61AA7E206A5A}"
EndProject
Project("{9A19103F-16F7-4668-BE54-9A1E7A4F7556}") = "Budget.Domain", "budget\src\Budget.Domain\Budget.Domain.csproj", "{8080DA46-AD17-41C8-B45F-0FDCA8B991D4}"
EndProject
Project("{9A19103F-16F7-4668-BE54-9A1E7A4F7556}") = "Budget.Infrastructure", "budget\src\Budget.Infrastructure\Budget.Infrastructure.csproj", "{FDC630CA-13DD-4814-8163-D205AD4FE6DA}"
EndProject
Project("{9A19103F-16F7-4668-BE54-9A1E7A4F7556}") = "Abstractions", "shared-kernel\Abstractions\Abstractions.csproj", "{1AAC538E-4D80-41E5-BE99-9D2917EA29ED}"
EndProject
Project("{FAE04EC0-301F-11D3-BF4B-00C04F79EFBC}") = "Converters", "shared-kernel\Converters\Converters.csproj", "{F26643B3-0433-4243-8CBA-9B0928DCD1BE}"
EndProject
Project("{FAE04EC0-301F-11D3-BF4B-00C04F79EFBC}") = "Extensions", "shared-kernel\Extensions\Extensions.csproj", "{8B0B4CE0-12F8-4138-88FB-8D86DD56AF6F}"
EndProject
Global
	GlobalSection(SolutionConfigurationPlatforms) = preSolution
		Debug|Any CPU = Debug|Any CPU
		Release|Any CPU = Release|Any CPU
	EndGlobalSection
	GlobalSection(ProjectConfigurationPlatforms) = postSolution
		{69D0F2C2-8F27-4753-8FCD-E68BCCBA337B}.Debug|Any CPU.ActiveCfg = Debug|Any CPU
		{69D0F2C2-8F27-4753-8FCD-E68BCCBA337B}.Debug|Any CPU.Build.0 = Debug|Any CPU
		{69D0F2C2-8F27-4753-8FCD-E68BCCBA337B}.Release|Any CPU.ActiveCfg = Release|Any CPU
		{69D0F2C2-8F27-4753-8FCD-E68BCCBA337B}.Release|Any CPU.Build.0 = Release|Any CPU
		{92793AF6-813F-4185-94DD-61AA7E206A5A}.Debug|Any CPU.ActiveCfg = Debug|Any CPU
		{92793AF6-813F-4185-94DD-61AA7E206A5A}.Debug|Any CPU.Build.0 = Debug|Any CPU
		{92793AF6-813F-4185-94DD-61AA7E206A5A}.Release|Any CPU.ActiveCfg = Release|Any CPU
		{92793AF6-813F-4185-94DD-61AA7E206A5A}.Release|Any CPU.Build.0 = Release|Any CPU
		{8080DA46-AD17-41C8-B45F-0FDCA8B991D4}.Debug|Any CPU.ActiveCfg = Debug|Any CPU
		{8080DA46-AD17-41C8-B45F-0FDCA8B991D4}.Debug|Any CPU.Build.0 = Debug|Any CPU
		{8080DA46-AD17-41C8-B45F-0FDCA8B991D4}.Release|Any CPU.ActiveCfg = Release|Any CPU
		{8080DA46-AD17-41C8-B45F-0FDCA8B991D4}.Release|Any CPU.Build.0 = Release|Any CPU
		{FDC630CA-13DD-4814-8163-D205AD4FE6DA}.Debug|Any CPU.ActiveCfg = Debug|Any CPU
		{FDC630CA-13DD-4814-8163-D205AD4FE6DA}.Debug|Any CPU.Build.0 = Debug|Any CPU
		{FDC630CA-13DD-4814-8163-D205AD4FE6DA}.Release|Any CPU.ActiveCfg = Release|Any CPU
		{FDC630CA-13DD-4814-8163-D205AD4FE6DA}.Release|Any CPU.Build.0 = Release|Any CPU
		{1AAC538E-4D80-41E5-BE99-9D2917EA29ED}.Debug|Any CPU.ActiveCfg = Debug|Any CPU
		{1AAC538E-4D80-41E5-BE99-9D2917EA29ED}.Debug|Any CPU.Build.0 = Debug|Any CPU
		{1AAC538E-4D80-41E5-BE99-9D2917EA29ED}.Release|Any CPU.ActiveCfg = Release|Any CPU
		{1AAC538E-4D80-41E5-BE99-9D2917EA29ED}.Release|Any CPU.Build.0 = Release|Any CPU
		{F26643B3-0433-4243-8CBA-9B0928DCD1BE}.Debug|Any CPU.ActiveCfg = Debug|Any CPU
		{F26643B3-0433-4243-8CBA-9B0928DCD1BE}.Debug|Any CPU.Build.0 = Debug|Any CPU
		{F26643B3-0433-4243-8CBA-9B0928DCD1BE}.Release|Any CPU.ActiveCfg = Release|Any CPU
		{F26643B3-0433-4243-8CBA-9B0928DCD1BE}.Release|Any CPU.Build.0 = Release|Any CPU
		{8B0B4CE0-12F8-4138-88FB-8D86DD56AF6F}.Debug|Any CPU.ActiveCfg = Debug|Any CPU
		{8B0B4CE0-12F8-4138-88FB-8D86DD56AF6F}.Debug|Any CPU.Build.0 = Debug|Any CPU
		{8B0B4CE0-12F8-4138-88FB-8D86DD56AF6F}.Release|Any CPU.ActiveCfg = Release|Any CPU
		{8B0B4CE0-12F8-4138-88FB-8D86DD56AF6F}.Release|Any CPU.Build.0 = Release|Any CPU
	EndGlobalSection
	GlobalSection(SolutionProperties) = preSolution
		HideSolutionNode = FALSE
	EndGlobalSection
	GlobalSection(NestedProjects) = preSolution
		{88E2BCDC-B5D6-4993-814B-D1060D4B21B9} = {E38FE4EB-B253-4F87-A9F8-67F8A87646EC}
		{689131AE-7C01-4BCB-BA82-A37B6D01B624} = {E38FE4EB-B253-4F87-A9F8-67F8A87646EC}
		{69D0F2C2-8F27-4753-8FCD-E68BCCBA337B} = {E3A52A73-6227-4DA8-9666-02E6301127C1}
		{92793AF6-813F-4185-94DD-61AA7E206A5A} = {88E2BCDC-B5D6-4993-814B-D1060D4B21B9}
		{8080DA46-AD17-41C8-B45F-0FDCA8B991D4} = {88E2BCDC-B5D6-4993-814B-D1060D4B21B9}
		{FDC630CA-13DD-4814-8163-D205AD4FE6DA} = {88E2BCDC-B5D6-4993-814B-D1060D4B21B9}
		{1AAC538E-4D80-41E5-BE99-9D2917EA29ED} = {E3A52A73-6227-4DA8-9666-02E6301127C1}
		{F26643B3-0433-4243-8CBA-9B0928DCD1BE} = {E3A52A73-6227-4DA8-9666-02E6301127C1}
		{8B0B4CE0-12F8-4138-88FB-8D86DD56AF6F} = {E3A52A73-6227-4DA8-9666-02E6301127C1}
	EndGlobalSection
	GlobalSection(ExtensibilityGlobals) = postSolution
		SolutionGuid = {515E49A0-2D84-477F-A6B4-623EDA0F5216}
	EndGlobalSection
EndGlobal
